
Microsoft Visual Studio Solution File, Format Version 12.00
# Visual Studio Version 17
VisualStudioVersion = 17.4.33213.308
MinimumVisualStudioVersion = 10.0.40219.1
Project("{FAE04EC0-301F-11D3-BF4B-00C04F79EFBC}") = "calculadora", "calculadora\calculadora.csproj", "{A1516C57-BD7D-4454-9777-D6C3168CDFAA}"
EndProject
Global
	GlobalSection(SolutionConfigurationPlatforms) = preSolution
		Debug|Any CPU = Debug|Any CPU
		Release|Any CPU = Release|Any CPU
	EndGlobalSection
	GlobalSection(ProjectConfigurationPlatforms) = postSolution
		{A1516C57-BD7D-4454-9777-D6C3168CDFAA}.Debug|Any CPU.ActiveCfg = Debug|Any CPU
		{A1516C57-BD7D-4454-9777-D6C3168CDFAA}.Debug|Any CPU.Build.0 = Debug|Any CPU
		{A1516C57-BD7D-4454-9777-D6C3168CDFAA}.Release|Any CPU.ActiveCfg = Release|Any CPU
		{A1516C57-BD7D-4454-9777-D6C3168CDFAA}.Release|Any CPU.Build.0 = Release|Any CPU
	EndGlobalSection
	GlobalSection(SolutionProperties) = preSolution
		HideSolutionNode = FALSE
	EndGlobalSection
	GlobalSection(ExtensibilityGlobals) = postSolution
		SolutionGuid = {BD07E875-72E4-4313-A6B7-D923C26065CD}
	EndGlobalSection
EndGlobal
